
Microsoft Visual Studio Solution File, Format Version 12.00
# Visual Studio 2012
Project("{FAE04EC0-301F-11D3-BF4B-00C04F79EFBC}") = "LogstashTimer", "LogstashTimer\LogstashTimer.csproj", "{43CD5FEB-1AC6-427C-B55D-3C036774215A}"
EndProject
Global
	GlobalSection(SolutionConfigurationPlatforms) = preSolution
		Debug|Any CPU = Debug|Any CPU
		Release|Any CPU = Release|Any CPU
	EndGlobalSection
	GlobalSection(ProjectConfigurationPlatforms) = postSolution
		{43CD5FEB-1AC6-427C-B55D-3C036774215A}.Debug|Any CPU.ActiveCfg = Debug|Any CPU
		{43CD5FEB-1AC6-427C-B55D-3C036774215A}.Debug|Any CPU.Build.0 = Debug|Any CPU
		{43CD5FEB-1AC6-427C-B55D-3C036774215A}.Release|Any CPU.ActiveCfg = Release|Any CPU
		{43CD5FEB-1AC6-427C-B55D-3C036774215A}.Release|Any CPU.Build.0 = Release|Any CPU
	EndGlobalSection
	GlobalSection(SolutionProperties) = preSolution
		HideSolutionNode = FALSE
	EndGlobalSection
EndGlobal
